
Microsoft Visual Studio Solution File, Format Version 12.00
Project("{2150E333-8FDC-42A3-9474-1A3956D46DE8}") = "src", "src", "{233A1633-1611-4028-AF71-39519A07414E}"
EndProject
Project("{FAE04EC0-301F-11D3-BF4B-00C04F79EFBC}") = "Sapience", "Sapience\Sapience.csproj", "{80E4DE8C-6776-41F9-B343-DC46AF483887}"
EndProject
Project("{FAE04EC0-301F-11D3-BF4B-00C04F79EFBC}") = "Sapience.Core", "Sapience.Core\Sapience.Core.csproj", "{D895F0DF-243B-4115-8333-F86BCE84EA58}"
EndProject
Global
	GlobalSection(SolutionConfigurationPlatforms) = preSolution
		Debug|Any CPU = Debug|Any CPU
		Release|Any CPU = Release|Any CPU
	EndGlobalSection
	GlobalSection(NestedProjects) = preSolution
		{80E4DE8C-6776-41F9-B343-DC46AF483887} = {233A1633-1611-4028-AF71-39519A07414E}
		{D895F0DF-243B-4115-8333-F86BCE84EA58} = {233A1633-1611-4028-AF71-39519A07414E}
	EndGlobalSection
	GlobalSection(ProjectConfigurationPlatforms) = postSolution
		{80E4DE8C-6776-41F9-B343-DC46AF483887}.Debug|Any CPU.ActiveCfg = Debug|Any CPU
		{80E4DE8C-6776-41F9-B343-DC46AF483887}.Debug|Any CPU.Build.0 = Debug|Any CPU
		{80E4DE8C-6776-41F9-B343-DC46AF483887}.Release|Any CPU.ActiveCfg = Release|Any CPU
		{80E4DE8C-6776-41F9-B343-DC46AF483887}.Release|Any CPU.Build.0 = Release|Any CPU
		{D895F0DF-243B-4115-8333-F86BCE84EA58}.Debug|Any CPU.ActiveCfg = Debug|Any CPU
		{D895F0DF-243B-4115-8333-F86BCE84EA58}.Debug|Any CPU.Build.0 = Debug|Any CPU
		{D895F0DF-243B-4115-8333-F86BCE84EA58}.Release|Any CPU.ActiveCfg = Release|Any CPU
		{D895F0DF-243B-4115-8333-F86BCE84EA58}.Release|Any CPU.Build.0 = Release|Any CPU
	EndGlobalSection
EndGlobal
